// !$*UTF8*$!
{
	archiveVersion = 1;
	classes = {
	};
	objectVersion = 46;
	objects = {

/* Begin PBXAggregateTarget section */
		6290F9F4B0CCF29541DCFB47 /* Qt Preprocess */ = {
			isa = PBXAggregateTarget;
			buildConfigurationList = 6CC3B5D2136C7CD6A5CF5A59 /* Build configuration list for PBXNativeTarget "projectTemplate" */;
			buildPhases = (
				5E618435888B9D49F8540165 /* Qt Qmake */,
				7EF0942E79C014DCEC8976BC /* Qt Preprocessors */,
			);
			dependencies = (
			);
			name = "Qt Preprocess";
			productName = "Qt Preprocess";
		};
/* End PBXAggregateTarget section */

/* Begin PBXBuildFile section */
		100EBFF02091F6C300BFCFEF /* PushButton.cpp in Compile Sources */ = {isa = PBXBuildFile; fileRef = 100EBFEE2091F6C300BFCFEF /* PushButton.cpp */; };
		100EBFF12091F8A600BFCFEF /* PushButton.hpp in Compile Sources */ = {isa = PBXBuildFile; fileRef = 100EBFEF2091F6C300BFCFEF /* PushButton.hpp */; };
		105CBF3E2092387F0084B3FF /* dummy.cpp in Compile Sources */ = {isa = PBXBuildFile; fileRef = 5E9CD4D1FE5969E394D0B5B3 /* dummy.cpp */; };
		105CBF40209239C40084B3FF /* libsndfile.a in Link Binary With Libraries */ = {isa = PBXBuildFile; fileRef = 105CBF3F209239C40084B3FF /* libsndfile.a */; };
		105CBF42209239F70084B3FF /* libportaudio.a in Link Binary With Libraries */ = {isa = PBXBuildFile; fileRef = 105CBF41209239F70084B3FF /* libportaudio.a */; };
		105DD39F20923C3C004E80C2 /* TextEdit.cpp in Compile Sources */ = {isa = PBXBuildFile; fileRef = 105DD39D20923C3C004E80C2 /* TextEdit.cpp */; };
		105DD3A020923CA2004E80C2 /* TextEdit.hpp in Compile Sources */ = {isa = PBXBuildFile; fileRef = 105DD39E20923C3C004E80C2 /* TextEdit.hpp */; };
		33B99A0E19B259F120678B7C /* QtCore.framework in Link Binary With Libraries */ = {isa = PBXBuildFile; fileRef = A276135214031EC866DC47DF /* QtCore.framework */; };
		57C2655F445FCF94CA12E45A /* QtGui.framework in Link Binary With Libraries */ = {isa = PBXBuildFile; fileRef = BFC4FAE7BD427160C6DA4607 /* QtGui.framework */; };
		8771A8C96E9C391044035D99 /* OpenGL.framework in Link Binary With Libraries */ = {isa = PBXBuildFile; fileRef = D4B32C2222F82AC56BADEB21 /* OpenGL.framework */; };
		8D267F2E4776F0ECA2F49DC8 /* IOKit.framework in Link Binary With Libraries */ = {isa = PBXBuildFile; fileRef = A1A67BEAA744704B29168D39 /* IOKit.framework */; };
		8EC4A3F260064EF4A062EA0F /* MainWindow.cpp in Compile Sources */ = {isa = PBXBuildFile; fileRef = 95B82C14B1D3D95A2BBD8972 /* MainWindow.cpp */; settings = {ATTRIBUTES = (); }; };
		A2C703BB415706F6735302F6 /* main.cpp in Compile Sources */ = {isa = PBXBuildFile; fileRef = CA8F8D3115263315B6EDE737 /* main.cpp */; settings = {ATTRIBUTES = (); }; };
		A99B2AA0F9CBBDD12BA126A4 /* DiskArbitration.framework in Link Binary With Libraries */ = {isa = PBXBuildFile; fileRef = 2B774D8E4178765CE52EAAF5 /* DiskArbitration.framework */; };
		ABA692EC7D08616105FA9500 /* moc_MainWindow.cpp in Compile Sources */ = {isa = PBXBuildFile; fileRef = BB6C952D41876871B6A53E05 /* moc_MainWindow.cpp */; settings = {ATTRIBUTES = (); }; };
		C95B2D280AC930479E49CD66 /* QtWidgets.framework in Link Binary With Libraries */ = {isa = PBXBuildFile; fileRef = 60D12DD5AF98EB30B3EBD182 /* QtWidgets.framework */; };
		E45E51A644D5FC9F942ECE55 /* AGL.framework in Link Binary With Libraries */ = {isa = PBXBuildFile; fileRef = 8D9815BDB5BD9F90D2BC05C5 /* AGL.framework */; };
/* End PBXBuildFile section */

/* Begin PBXBuildRule section */
		100EBFF22091F8B300BFCFEF /* PBXBuildRule */ = {
			isa = PBXBuildRule;
			compilerSpec = com.apple.compilers.proxy.script;
			filePatterns = "*.hpp";
			fileType = pattern.proxy;
			isEditable = 1;
			outputFiles = (
				"$(DERIVED_FILE_DIR)/${INPUT_FILE_BASE}_moc.cpp",
			);
			script = "${QT_CLANG64_PATH}/bin/moc ${INPUT_FILE_PATH} -o ${DERIVED_FILE_DIR}/${INPUT_FILE_BASE}_moc.cpp";
		};
/* End PBXBuildRule section */

/* Begin PBXContainerItemProxy section */
		100EBFEB2091F68200BFCFEF /* PBXContainerItemProxy */ = {
			isa = PBXContainerItemProxy;
			containerPortal = 6DB9C3763D02B1415CD9D565 /* Project object */;
			proxyType = 1;
			remoteGlobalIDString = 6290F9F4B0CCF29541DCFB47;
			remoteInfo = "Qt Preprocess";
		};
/* End PBXContainerItemProxy section */

/* Begin PBXCopyFilesBuildPhase section */
		99542592E9780B9225F24AA8 /* Embed Frameworks */ = {
			isa = PBXCopyFilesBuildPhase;
			buildActionMask = 2147483647;
			dstPath = "";
			dstSubfolderSpec = 10;
			files = (
			);
			name = "Embed Frameworks";
			runOnlyForDeploymentPostprocessing = 0;
		};
/* End PBXCopyFilesBuildPhase section */

/* Begin PBXFileReference section */
		0F458838985948CF19C32861 /* projectTemplate.pro */ = {isa = PBXFileReference; lastKnownFileType = text; path = projectTemplate.pro; sourceTree = "<group>"; };
		100EBFEE2091F6C300BFCFEF /* PushButton.cpp */ = {isa = PBXFileReference; lastKnownFileType = sourcecode.cpp.cpp; path = PushButton.cpp; sourceTree = "<group>"; };
		100EBFEF2091F6C300BFCFEF /* PushButton.hpp */ = {isa = PBXFileReference; lastKnownFileType = sourcecode.cpp.h; path = PushButton.hpp; sourceTree = "<group>"; };
		105CBF3F209239C40084B3FF /* libsndfile.a */ = {isa = PBXFileReference; lastKnownFileType = archive.ar; name = libsndfile.a; path = libsndfile/1.0.28/lib/libsndfile.a; sourceTree = EXT_FRAMEWORKS_PATH; };
		105CBF41209239F70084B3FF /* libportaudio.a */ = {isa = PBXFileReference; lastKnownFileType = archive.ar; name = libportaudio.a; path = portaudio/19.6.0/lib/libportaudio.a; sourceTree = EXT_FRAMEWORKS_PATH; };
		105CBF4620923A6B0084B3FF /* portaudio.h */ = {isa = PBXFileReference; lastKnownFileType = sourcecode.c.h; path = portaudio.h; sourceTree = "<group>"; };
		105CBF4720923A890084B3FF /* sndfile.h */ = {isa = PBXFileReference; lastKnownFileType = sourcecode.c.h; path = sndfile.h; sourceTree = "<group>"; };
		105DD39D20923C3C004E80C2 /* TextEdit.cpp */ = {isa = PBXFileReference; lastKnownFileType = sourcecode.cpp.cpp; path = TextEdit.cpp; sourceTree = "<group>"; };
		105DD39E20923C3C004E80C2 /* TextEdit.hpp */ = {isa = PBXFileReference; lastKnownFileType = sourcecode.cpp.h; path = TextEdit.hpp; sourceTree = "<group>"; };
		2B00A179017F52B08F0694CF /* projectTemplate.app */ = {isa = PBXFileReference; explicitFileType = wrapper.application; includeInIndex = 0; path = projectTemplate.app; sourceTree = BUILT_PRODUCTS_DIR; };
		2B774D8E4178765CE52EAAF5 /* DiskArbitration.framework */ = {isa = PBXFileReference; lastKnownFileType = wrapper.framework; name = DiskArbitration.framework; path = /System/Library/Frameworks/DiskArbitration.framework; sourceTree = "<absolute>"; };
		5E9CD4D1FE5969E394D0B5B3 /* dummy.cpp */ = {isa = PBXFileReference; lastKnownFileType = sourcecode.cpp.cpp; name = dummy.cpp; path = mkspecs/features/data/dummy.cpp; sourceTree = QT_CLANG64_PATH; };
		60D12DD5AF98EB30B3EBD182 /* QtWidgets.framework */ = {isa = PBXFileReference; lastKnownFileType = wrapper.framework; name = QtWidgets.framework; path = lib/QtWidgets.framework; sourceTree = QT_CLANG64_PATH; };
		6F2B3C2C86CCB77D25B3DAE6 /* .qmake.stash */ = {isa = PBXFileReference; lastKnownFileType = text; path = .qmake.stash; sourceTree = USER_DIRECTORY; };
		7FC82CA4CCE0DB9B649A5B84 /* MainWindow.hpp */ = {isa = PBXFileReference; lastKnownFileType = sourcecode.cpp.h; path = MainWindow.hpp; sourceTree = "<group>"; };
		8D9815BDB5BD9F90D2BC05C5 /* AGL.framework */ = {isa = PBXFileReference; lastKnownFileType = wrapper.framework; name = AGL.framework; path = /System/Library/Frameworks/AGL.framework; sourceTree = "<absolute>"; };
		95B82C14B1D3D95A2BBD8972 /* MainWindow.cpp */ = {isa = PBXFileReference; lastKnownFileType = sourcecode.cpp.cpp; path = MainWindow.cpp; sourceTree = "<group>"; };
		A1A67BEAA744704B29168D39 /* IOKit.framework */ = {isa = PBXFileReference; lastKnownFileType = wrapper.framework; name = IOKit.framework; path = /System/Library/Frameworks/IOKit.framework; sourceTree = "<absolute>"; };
		A276135214031EC866DC47DF /* QtCore.framework */ = {isa = PBXFileReference; lastKnownFileType = wrapper.framework; name = QtCore.framework; path = lib/QtCore.framework; sourceTree = QT_CLANG64_PATH; };
		BB6C952D41876871B6A53E05 /* moc_MainWindow.cpp */ = {isa = PBXFileReference; lastKnownFileType = sourcecode.cpp.cpp; path = moc_MainWindow.cpp; sourceTree = "<group>"; };
		BFC4FAE7BD427160C6DA4607 /* QtGui.framework */ = {isa = PBXFileReference; lastKnownFileType = wrapper.framework; name = QtGui.framework; path = lib/QtGui.framework; sourceTree = QT_CLANG64_PATH; };
		CA8F8D3115263315B6EDE737 /* main.cpp */ = {isa = PBXFileReference; lastKnownFileType = sourcecode.cpp.cpp; path = main.cpp; sourceTree = "<group>"; };
		D4B32C2222F82AC56BADEB21 /* OpenGL.framework */ = {isa = PBXFileReference; lastKnownFileType = wrapper.framework; name = OpenGL.framework; path = /System/Library/Frameworks/OpenGL.framework; sourceTree = "<absolute>"; };
/* End PBXFileReference section */

/* Begin PBXFrameworksBuildPhase section */
		D1C883685E82D5676953459A /* Link Binary With Libraries */ = {
			isa = PBXFrameworksBuildPhase;
			buildActionMask = 2147483647;
			files = (
				105CBF42209239F70084B3FF /* libportaudio.a in Link Binary With Libraries */,
				105CBF40209239C40084B3FF /* libsndfile.a in Link Binary With Libraries */,
				C95B2D280AC930479E49CD66 /* QtWidgets.framework in Link Binary With Libraries */,
				57C2655F445FCF94CA12E45A /* QtGui.framework in Link Binary With Libraries */,
				33B99A0E19B259F120678B7C /* QtCore.framework in Link Binary With Libraries */,
				A99B2AA0F9CBBDD12BA126A4 /* DiskArbitration.framework in Link Binary With Libraries */,
				8D267F2E4776F0ECA2F49DC8 /* IOKit.framework in Link Binary With Libraries */,
				8771A8C96E9C391044035D99 /* OpenGL.framework in Link Binary With Libraries */,
				E45E51A644D5FC9F942ECE55 /* AGL.framework in Link Binary With Libraries */,
			);
			name = "Link Binary With Libraries";
			runOnlyForDeploymentPostprocessing = 0;
		};
/* End PBXFrameworksBuildPhase section */

/* Begin PBXGroup section */
		100EBFEC2091F69200BFCFEF /* MainWindow */ = {
			isa = PBXGroup;
			children = (
				95B82C14B1D3D95A2BBD8972 /* MainWindow.cpp */,
				7FC82CA4CCE0DB9B649A5B84 /* MainWindow.hpp */,
			);
			name = MainWindow;
			sourceTree = "<group>";
		};
		100EBFED2091F6AA00BFCFEF /* PushButton */ = {
			isa = PBXGroup;
			children = (
				100EBFEE2091F6C300BFCFEF /* PushButton.cpp */,
				100EBFEF2091F6C300BFCFEF /* PushButton.hpp */,
			);
			name = PushButton;
			sourceTree = "<group>";
		};
		105CBF4320923A0C0084B3FF /* Dependencies */ = {
			isa = PBXGroup;
			children = (
				105CBF4520923A3E0084B3FF /* LibSndFile */,
				105CBF4420923A380084B3FF /* LibPortAudio */,
				2EB56BE3C2D93CDAB0C52E67 /* Sources */,
			);
			path = Dependencies;
			sourceTree = "<group>";
		};
		105CBF4420923A380084B3FF /* LibPortAudio */ = {
			isa = PBXGroup;
			children = (
				105CBF4620923A6B0084B3FF /* portaudio.h */,
			);
			path = LibPortAudio;
			sourceTree = "<group>";
		};
		105CBF4520923A3E0084B3FF /* LibSndFile */ = {
			isa = PBXGroup;
			children = (
				105CBF4720923A890084B3FF /* sndfile.h */,
			);
			path = LibSndFile;
			sourceTree = "<group>";
		};
		10A01C8920923BCE0041C1CF /* TextEditButton */ = {
			isa = PBXGroup;
			children = (
				105DD39D20923C3C004E80C2 /* TextEdit.cpp */,
				105DD39E20923C3C004E80C2 /* TextEdit.hpp */,
			);
			name = TextEditButton;
			sourceTree = "<group>";
		};
		25B08E2869634E9BCBA333A2 /* Generated Sources */ = {
			isa = PBXGroup;
			children = (
				BB6C952D41876871B6A53E05 /* moc_MainWindow.cpp */,
			);
			name = "Generated Sources";
			sourceTree = "<group>";
		};
		2EB56BE3C2D93CDAB0C52E67 /* Sources */ = {
			isa = PBXGroup;
			children = (
				CA8F8D3115263315B6EDE737 /* main.cpp */,
				100EBFEC2091F69200BFCFEF /* MainWindow */,
				100EBFED2091F6AA00BFCFEF /* PushButton */,
				10A01C8920923BCE0041C1CF /* TextEditButton */,
			);
			name = Sources;
			path = ..;
			sourceTree = "<group>";
		};
		74B182DB50CB5611B5C1C297 /* Supporting Files */ = {
			isa = PBXGroup;
			children = (
				0F458838985948CF19C32861 /* projectTemplate.pro */,
				6F2B3C2C86CCB77D25B3DAE6 /* .qmake.stash */,
			);
			name = "Supporting Files";
			sourceTree = "<group>";
		};
		AF39DD055C3EF8226FBE929D /* Frameworks */ = {
			isa = PBXGroup;
			children = (
				105CBF41209239F70084B3FF /* libportaudio.a */,
				105CBF3F209239C40084B3FF /* libsndfile.a */,
				60D12DD5AF98EB30B3EBD182 /* QtWidgets.framework */,
				BFC4FAE7BD427160C6DA4607 /* QtGui.framework */,
				A276135214031EC866DC47DF /* QtCore.framework */,
				2B774D8E4178765CE52EAAF5 /* DiskArbitration.framework */,
				A1A67BEAA744704B29168D39 /* IOKit.framework */,
				D4B32C2222F82AC56BADEB21 /* OpenGL.framework */,
				8D9815BDB5BD9F90D2BC05C5 /* AGL.framework */,
			);
			name = Frameworks;
			sourceTree = "<group>";
		};
		B8254625CFD509ED2A24A166 /* Sources [moc_predefs] */ = {
			isa = PBXGroup;
			children = (
				5E9CD4D1FE5969E394D0B5B3 /* dummy.cpp */,
			);
			name = "Sources [moc_predefs]";
			sourceTree = "<group>";
		};
		E8C543AB96796ECAA2E65C57 /* projectTemplate */ = {
			isa = PBXGroup;
			children = (
				105CBF4320923A0C0084B3FF /* Dependencies */,
				25B08E2869634E9BCBA333A2 /* Generated Sources */,
				B8254625CFD509ED2A24A166 /* Sources [moc_predefs] */,
				74B182DB50CB5611B5C1C297 /* Supporting Files */,
				AF39DD055C3EF8226FBE929D /* Frameworks */,
				FE0A091FDBFB3E9C31B7A1BD /* Products */,
			);
			name = projectTemplate;
			sourceTree = "<group>";
		};
		FE0A091FDBFB3E9C31B7A1BD /* Products */ = {
			isa = PBXGroup;
			children = (
				2B00A179017F52B08F0694CF /* projectTemplate.app */,
			);
			name = Products;
			sourceTree = "<group>";
		};
/* End PBXGroup section */

/* Begin PBXNativeTarget section */
		7F55BE6EF9A59563C4B2B355 /* projectTemplate */ = {
			isa = PBXNativeTarget;
			buildConfigurationList = 6CC3B5D2136C7CD6A5CF5A59 /* Build configuration list for PBXNativeTarget "projectTemplate" */;
			buildPhases = (
				F7E50F631C51CD5B5DC0BC43 /* Compile Sources */,
				D1C883685E82D5676953459A /* Link Binary With Libraries */,
				30414803F31797EB689AE508 /* Copy Bundle Resources */,
				99542592E9780B9225F24AA8 /* Embed Frameworks */,
			);
			buildRules = (
				100EBFF22091F8B300BFCFEF /* PBXBuildRule */,
			);
			dependencies = (
				F41FEFF12E56B6E3CAA0D319 /* PBXTargetDependency */,
			);
			name = projectTemplate;
			productName = projectTemplate;
			productReference = 2B00A179017F52B08F0694CF /* projectTemplate.app */;
			productType = "com.apple.product-type.application";
		};
/* End PBXNativeTarget section */

/* Begin PBXProject section */
		6DB9C3763D02B1415CD9D565 /* Project object */ = {
			isa = PBXProject;
			attributes = {
				LastUpgradeCheck = 0930;
			};
			buildConfigurationList = DAC4C1AA5EDEA1C85E9CA5E6 /* Build configuration list for PBXProject "projectTemplate" */;
			compatibilityVersion = "Xcode 3.2";
			developmentRegion = en;
			hasScannedForEncodings = 1;
			knownRegions = (
				en,
			);
			mainGroup = E8C543AB96796ECAA2E65C57 /* projectTemplate */;
			productRefGroup = FE0A091FDBFB3E9C31B7A1BD /* Products */;
			projectDirPath = "";
			projectRoot = "";
			targets = (
				7F55BE6EF9A59563C4B2B355 /* projectTemplate */,
				6290F9F4B0CCF29541DCFB47 /* Qt Preprocess */,
			);
		};
/* End PBXProject section */

/* Begin PBXResourcesBuildPhase section */
		30414803F31797EB689AE508 /* Copy Bundle Resources */ = {
			isa = PBXResourcesBuildPhase;
			buildActionMask = 2147483647;
			files = (
			);
			name = "Copy Bundle Resources";
			runOnlyForDeploymentPostprocessing = 0;
		};
/* End PBXResourcesBuildPhase section */

/* Begin PBXShellScriptBuildPhase section */
		5E618435888B9D49F8540165 /* Qt Qmake */ = {
			isa = PBXShellScriptBuildPhase;
			buildActionMask = 2147483647;
			files = (
			);
			name = "Qt Qmake";
			runOnlyForDeploymentPostprocessing = 0;
			shellPath = /bin/sh;
			shellScript = "make -C ${PROJECT_DIR} -f projectTemplate.xcodeproj/qt_makeqmake.mak";
			showEnvVarsInLog = 0;
		};
		7EF0942E79C014DCEC8976BC /* Qt Preprocessors */ = {
			isa = PBXShellScriptBuildPhase;
			buildActionMask = 2147483647;
			files = (
			);
			name = "Qt Preprocessors";
			runOnlyForDeploymentPostprocessing = 0;
			shellPath = /bin/sh;
			shellScript = "make -C ${PROJECT_DIR} -f projectTemplate.xcodeproj/qt_preprocess.mak";
			showEnvVarsInLog = 0;
		};
/* End PBXShellScriptBuildPhase section */

/* Begin PBXSourcesBuildPhase section */
		F7E50F631C51CD5B5DC0BC43 /* Compile Sources */ = {
			isa = PBXSourcesBuildPhase;
			buildActionMask = 2147483647;
			files = (
				105DD3A020923CA2004E80C2 /* TextEdit.hpp in Compile Sources */,
				105DD39F20923C3C004E80C2 /* TextEdit.cpp in Compile Sources */,
				A2C703BB415706F6735302F6 /* main.cpp in Compile Sources */,
				8EC4A3F260064EF4A062EA0F /* MainWindow.cpp in Compile Sources */,
				ABA692EC7D08616105FA9500 /* moc_MainWindow.cpp in Compile Sources */,
				100EBFF12091F8A600BFCFEF /* PushButton.hpp in Compile Sources */,
				100EBFF02091F6C300BFCFEF /* PushButton.cpp in Compile Sources */,
				105CBF3E2092387F0084B3FF /* dummy.cpp in Compile Sources */,
			);
			name = "Compile Sources";
			runOnlyForDeploymentPostprocessing = 0;
		};
/* End PBXSourcesBuildPhase section */

/* Begin PBXTargetDependency section */
		F41FEFF12E56B6E3CAA0D319 /* PBXTargetDependency */ = {
			isa = PBXTargetDependency;
			target = 6290F9F4B0CCF29541DCFB47 /* Qt Preprocess */;
			targetProxy = 100EBFEB2091F68200BFCFEF /* PBXContainerItemProxy */;
		};
/* End PBXTargetDependency section */

/* Begin XCBuildConfiguration section */
		339EE1B2CC4FC24589A0EA95 /* Release */ = {
			isa = XCBuildConfiguration;
			buildSettings = {
				APPLICATION_EXTENSION_API_ONLY = NO;
				"ARCHS[sdk=macosx*]" = x86_64;
				CC = /Applications/Xcode.app/Contents/Developer/Toolchains/XcodeDefault.xctoolchain/usr/bin/clang;
				CLANG_WARN_BLOCK_CAPTURE_AUTORELEASING = YES;
				CLANG_WARN_BOOL_CONVERSION = YES;
				CLANG_WARN_COMMA = YES;
				CLANG_WARN_CONSTANT_CONVERSION = YES;
				CLANG_WARN_DEPRECATED_OBJC_IMPLEMENTATIONS = YES;
				CLANG_WARN_EMPTY_BODY = YES;
				CLANG_WARN_ENUM_CONVERSION = YES;
				CLANG_WARN_INFINITE_RECURSION = YES;
				CLANG_WARN_INT_CONVERSION = YES;
				CLANG_WARN_NON_LITERAL_NULL_CONVERSION = YES;
				CLANG_WARN_OBJC_IMPLICIT_RETAIN_SELF = YES;
				CLANG_WARN_OBJC_LITERAL_CONVERSION = YES;
				CLANG_WARN_RANGE_LOOP_ANALYSIS = YES;
				CLANG_WARN_STRICT_PROTOTYPES = YES;
				CLANG_WARN_SUSPICIOUS_MOVE = YES;
				CLANG_WARN_UNREACHABLE_CODE = YES;
				CLANG_WARN__DUPLICATE_METHOD_MATCH = YES;
				COPY_PHASE_STRIP = NO;
				DYLIB_COMPATIBILITY_VERSION = 1.0;
				DYLIB_CURRENT_VERSION = 1.0.0;
				ENABLE_BITCODE = NO;
				ENABLE_STRICT_OBJC_MSGSEND = YES;
				FRAMEWORK_SEARCH_PATHS = (
					/Users/fredericdufeu/Qt/5.10.1/clang_64/lib,
					/Users/fredericdufeu/Qt/5.10.1/clang_64/lib,
				);
				GCC_NO_COMMON_BLOCKS = YES;
				GCC_VERSION = com.apple.compilers.llvm.clang.1_0;
				GCC_WARN_64_TO_32_BIT_CONVERSION = YES;
				GCC_WARN_ABOUT_RETURN_TYPE = YES;
				GCC_WARN_UNDECLARED_SELECTOR = YES;
				GCC_WARN_UNINITIALIZED_AUTOS = YES;
				GCC_WARN_UNUSED_FUNCTION = YES;
				GCC_WARN_UNUSED_VARIABLE = YES;
				HEADER_SEARCH_PATHS = (
					.,
					/Users/fredericdufeu/Qt/5.10.1/clang_64/lib/QtWidgets.framework/Headers,
					/Users/fredericdufeu/Qt/5.10.1/clang_64/lib/QtGui.framework/Headers,
					/Users/fredericdufeu/Qt/5.10.1/clang_64/lib/QtCore.framework/Headers,
					.,
					/Applications/Xcode.app/Contents/Developer/Platforms/MacOSX.platform/Developer/SDKs/MacOSX10.13.sdk/System/Library/Frameworks/OpenGL.framework/Headers,
					/Applications/Xcode.app/Contents/Developer/Platforms/MacOSX.platform/Developer/SDKs/MacOSX10.13.sdk/System/Library/Frameworks/AGL.framework/Headers,
					"/Users/fredericdufeu/Qt/5.10.1/clang_64/mkspecs/macx-clang",
				);
				INFOPLIST_FILE = Info.plist;
				LDPLUSPLUS = "/Applications/Xcode.app/Contents/Developer/Toolchains/XcodeDefault.xctoolchain/usr/bin/clang++";
				LIBRARY_SEARCH_PATHS = (
					/Users/fredericdufeu/Qt/5.10.1/clang_64/lib,
					/System/Library/Frameworks/,
				);
				MACOSX_DEPLOYMENT_TARGET = 10.10;
				OTHER_CFLAGS = (
					"-pipe",
					"-O2",
					"-Wall",
					"-W",
					"-fPIC",
					"-DQT_DEPRECATED_WARNINGS",
					"-DQT_NO_DEBUG",
					"-DQT_WIDGETS_LIB",
					"-DQT_GUI_LIB",
					"-DQT_CORE_LIB",
				);
				OTHER_CPLUSPLUSFLAGS = (
					"-pipe",
					"-stdlib=libc++",
					"-O2",
					"-std=gnu++11",
					"-Wall",
					"-W",
					"-fPIC",
					"-DQT_DEPRECATED_WARNINGS",
					"-DQT_NO_DEBUG",
					"-DQT_WIDGETS_LIB",
					"-DQT_GUI_LIB",
					"-DQT_CORE_LIB",
				);
				OTHER_LDFLAGS = (
					"-stdlib=libc++",
					"-headerpad_max_install_names",
					"-Wl,-rpath,@executable_path/Frameworks",
					"-Wl,-rpath,/Users/fredericdufeu/Qt/5.10.1/clang_64/lib",
					"-F/Users/fredericdufeu/Qt/5.10.1/clang_64/lib",
				);
				PRODUCT_BUNDLE_IDENTIFIER = "IRiMaS.${PRODUCT_NAME:rfc1034identifier}";
				PRODUCT_NAME = projectTemplate;
				QMAKE_PKGINFO_TYPEINFO = "????";
				QT_LIBRARY_SUFFIX = "";
				SDKROOT = macosx;
				SYMROOT = /Users/fredericdufeu/Desktop/IRiMaS_Software_Development/Current/1_MakingXcodeTemplate/projectTemplate/;
			};
			name = Release;
		};
		3AA6C32AC930069E80220CF1 /* Debug */ = {
			isa = XCBuildConfiguration;
			buildSettings = {
				APPLICATION_EXTENSION_API_ONLY = NO;
				"ARCHS[sdk=macosx*]" = x86_64;
				CC = /Applications/Xcode.app/Contents/Developer/Toolchains/XcodeDefault.xctoolchain/usr/bin/clang;
				CLANG_WARN_BLOCK_CAPTURE_AUTORELEASING = YES;
				CLANG_WARN_BOOL_CONVERSION = YES;
				CLANG_WARN_COMMA = YES;
				CLANG_WARN_CONSTANT_CONVERSION = YES;
				CLANG_WARN_DEPRECATED_OBJC_IMPLEMENTATIONS = YES;
				CLANG_WARN_EMPTY_BODY = YES;
				CLANG_WARN_ENUM_CONVERSION = YES;
				CLANG_WARN_INFINITE_RECURSION = YES;
				CLANG_WARN_INT_CONVERSION = YES;
				CLANG_WARN_NON_LITERAL_NULL_CONVERSION = YES;
				CLANG_WARN_OBJC_IMPLICIT_RETAIN_SELF = YES;
				CLANG_WARN_OBJC_LITERAL_CONVERSION = YES;
				CLANG_WARN_RANGE_LOOP_ANALYSIS = YES;
				CLANG_WARN_STRICT_PROTOTYPES = YES;
				CLANG_WARN_SUSPICIOUS_MOVE = YES;
				CLANG_WARN_UNREACHABLE_CODE = YES;
				CLANG_WARN__DUPLICATE_METHOD_MATCH = YES;
				COPY_PHASE_STRIP = NO;
				DYLIB_COMPATIBILITY_VERSION = 1.0;
				DYLIB_CURRENT_VERSION = 1.0.0;
				ENABLE_BITCODE = NO;
				ENABLE_STRICT_OBJC_MSGSEND = YES;
				ENABLE_TESTABILITY = YES;
				FRAMEWORK_SEARCH_PATHS = (
					/Users/fredericdufeu/Qt/5.10.1/clang_64/lib,
					/Users/fredericdufeu/Qt/5.10.1/clang_64/lib,
				);
				GCC_NO_COMMON_BLOCKS = YES;
				GCC_OPTIMIZATION_LEVEL = 0;
				GCC_VERSION = com.apple.compilers.llvm.clang.1_0;
				GCC_WARN_64_TO_32_BIT_CONVERSION = YES;
				GCC_WARN_ABOUT_RETURN_TYPE = YES;
				GCC_WARN_UNDECLARED_SELECTOR = YES;
				GCC_WARN_UNINITIALIZED_AUTOS = YES;
				GCC_WARN_UNUSED_FUNCTION = YES;
				GCC_WARN_UNUSED_VARIABLE = YES;
				HEADER_SEARCH_PATHS = (
					.,
					/Users/fredericdufeu/Qt/5.10.1/clang_64/lib/QtWidgets.framework/Headers,
					/Users/fredericdufeu/Qt/5.10.1/clang_64/lib/QtGui.framework/Headers,
					/Users/fredericdufeu/Qt/5.10.1/clang_64/lib/QtCore.framework/Headers,
					.,
					/Applications/Xcode.app/Contents/Developer/Platforms/MacOSX.platform/Developer/SDKs/MacOSX10.13.sdk/System/Library/Frameworks/OpenGL.framework/Headers,
					/Applications/Xcode.app/Contents/Developer/Platforms/MacOSX.platform/Developer/SDKs/MacOSX10.13.sdk/System/Library/Frameworks/AGL.framework/Headers,
					"/Users/fredericdufeu/Qt/5.10.1/clang_64/mkspecs/macx-clang",
				);
				INFOPLIST_FILE = Info.plist;
				LDPLUSPLUS = "/Applications/Xcode.app/Contents/Developer/Toolchains/XcodeDefault.xctoolchain/usr/bin/clang++";
				LIBRARY_SEARCH_PATHS = (
					/Users/fredericdufeu/Qt/5.10.1/clang_64/lib,
					/System/Library/Frameworks/,
				);
				MACOSX_DEPLOYMENT_TARGET = 10.10;
				ONLY_ACTIVE_ARCH = YES;
				OTHER_CFLAGS = (
					"-pipe",
					"-O2",
					"-Wall",
					"-W",
					"-fPIC",
					"-DQT_DEPRECATED_WARNINGS",
					"-DQT_NO_DEBUG",
					"-DQT_WIDGETS_LIB",
					"-DQT_GUI_LIB",
					"-DQT_CORE_LIB",
				);
				OTHER_CPLUSPLUSFLAGS = (
					"-pipe",
					"-stdlib=libc++",
					"-O2",
					"-std=gnu++11",
					"-Wall",
					"-W",
					"-fPIC",
					"-DQT_DEPRECATED_WARNINGS",
					"-DQT_NO_DEBUG",
					"-DQT_WIDGETS_LIB",
					"-DQT_GUI_LIB",
					"-DQT_CORE_LIB",
				);
				OTHER_LDFLAGS = (
					"-stdlib=libc++",
					"-headerpad_max_install_names",
					"-Wl,-rpath,@executable_path/Frameworks",
					"-Wl,-rpath,/Users/fredericdufeu/Qt/5.10.1/clang_64/lib",
					"-F/Users/fredericdufeu/Qt/5.10.1/clang_64/lib",
				);
				PRODUCT_BUNDLE_IDENTIFIER = "IRiMaS.${PRODUCT_NAME:rfc1034identifier}";
				PRODUCT_NAME = projectTemplate;
				QMAKE_PKGINFO_TYPEINFO = "????";
				QT_LIBRARY_SUFFIX = _debug;
				SDKROOT = macosx;
				SYMROOT = /Users/fredericdufeu/Desktop/IRiMaS_Software_Development/Current/1_MakingXcodeTemplate/projectTemplate/;
			};
			name = Debug;
		};
		6666AA5E688052234F6758D8 /* Release */ = {
			isa = XCBuildConfiguration;
			buildSettings = {
				APPLICATION_EXTENSION_API_ONLY = NO;
				"ARCHS[sdk=macosx*]" = x86_64;
				CLANG_ENABLE_OBJC_WEAK = YES;
				COPY_PHASE_STRIP = NO;
				ENABLE_BITCODE = NO;
				FRAMEWORK_SEARCH_PATHS = "$(QT_CLANG64_PATH)/lib";
				HEADER_SEARCH_PATHS = (
					.,
					"$(QT_CLANG64_PATH)/lib/QtWidgets.framework/Headers",
					"$(QT_CLANG64_PATH)/lib/QtGui.framework/Headers",
					"$(QT_CLANG64_PATH)/lib/QtCore.framework/Headers",
					.,
					/Applications/Xcode.app/Contents/Developer/Platforms/MacOSX.platform/Developer/SDKs/MacOSX10.13.sdk/System/Library/Frameworks/OpenGL.framework/Headers,
					/Applications/Xcode.app/Contents/Developer/Platforms/MacOSX.platform/Developer/SDKs/MacOSX10.13.sdk/System/Library/Frameworks/AGL.framework/Headers,
					"$(QT_CLANG64_PATH)/mkspecs/macx-clang",
				);
				LIBRARY_SEARCH_PATHS = (
					"$(QT_CLANG64_PATH)/lib",
					/System/Library/Frameworks/,
					/usr/local/Cellar/libsndfile/1.0.28/lib,
					/usr/local/Cellar/portaudio/19.6.0/lib,
				);
				OTHER_LDFLAGS = (
					"-stdlib=libc++",
					"-headerpad_max_install_names",
					"-Wl,-rpath,@executable_path/Frameworks",
					"-Wl,-rpath,/Users/fredericdufeu/Qt/5.10.1/clang_64/lib",
					"-F/Users/fredericdufeu/Qt/5.10.1/clang_64/lib",
				);
				PRODUCT_BUNDLE_IDENTIFIER = "IRiMaS.${PRODUCT_NAME:rfc1034identifier}";
				PRODUCT_NAME = projectTemplate;
				QMAKE_PKGINFO_TYPEINFO = "????";
				QT_LIBRARY_SUFFIX = "";
				SDKROOT = macosx;
				SYMROOT = "$(PROJECT_DIR)/Build";
			};
			name = Release;
		};
		77418F46922677BB04ED38DD /* Debug */ = {
			isa = XCBuildConfiguration;
			buildSettings = {
				APPLICATION_EXTENSION_API_ONLY = NO;
				"ARCHS[sdk=macosx*]" = x86_64;
				CLANG_ENABLE_OBJC_WEAK = YES;
				COPY_PHASE_STRIP = NO;
				ENABLE_BITCODE = NO;
				FRAMEWORK_SEARCH_PATHS = "$(QT_CLANG64_PATH)/lib";
				GCC_OPTIMIZATION_LEVEL = 0;
				HEADER_SEARCH_PATHS = (
					.,
					"$(QT_CLANG64_PATH)/lib/QtWidgets.framework/Headers",
					"$(QT_CLANG64_PATH)/lib/QtGui.framework/Headers",
					"$(QT_CLANG64_PATH)/lib/QtCore.framework/Headers",
					.,
					/Applications/Xcode.app/Contents/Developer/Platforms/MacOSX.platform/Developer/SDKs/MacOSX10.13.sdk/System/Library/Frameworks/OpenGL.framework/Headers,
					/Applications/Xcode.app/Contents/Developer/Platforms/MacOSX.platform/Developer/SDKs/MacOSX10.13.sdk/System/Library/Frameworks/AGL.framework/Headers,
					"$(QT_CLANG64_PATH)/mkspecs/macx-clang",
				);
				LIBRARY_SEARCH_PATHS = (
					"$(QT_CLANG64_PATH)/lib",
					/System/Library/Frameworks/,
					/usr/local/Cellar/libsndfile/1.0.28/lib,
					/usr/local/Cellar/portaudio/19.6.0/lib,
				);
				ONLY_ACTIVE_ARCH = YES;
				OTHER_LDFLAGS = (
					"-stdlib=libc++",
					"-headerpad_max_install_names",
					"-Wl,-rpath,@executable_path/Frameworks",
					"-Wl,-rpath,/Users/fredericdufeu/Qt/5.10.1/clang_64/lib",
					"-F/Users/fredericdufeu/Qt/5.10.1/clang_64/lib",
				);
				PRODUCT_BUNDLE_IDENTIFIER = "IRiMaS.${PRODUCT_NAME:rfc1034identifier}";
				PRODUCT_NAME = projectTemplate;
				QMAKE_PKGINFO_TYPEINFO = "????";
				QT_LIBRARY_SUFFIX = _debug;
				SDKROOT = macosx;
				SYMROOT = "$(PROJECT_DIR)/Build";
			};
			name = Debug;
		};
/* End XCBuildConfiguration section */

/* Begin XCConfigurationList section */
		6CC3B5D2136C7CD6A5CF5A59 /* Build configuration list for PBXNativeTarget "projectTemplate" */ = {
			isa = XCConfigurationList;
			buildConfigurations = (
				77418F46922677BB04ED38DD /* Debug */,
				6666AA5E688052234F6758D8 /* Release */,
			);
			defaultConfigurationIsVisible = 0;
			defaultConfigurationName = Release;
		};
		DAC4C1AA5EDEA1C85E9CA5E6 /* Build configuration list for PBXProject "projectTemplate" */ = {
			isa = XCConfigurationList;
			buildConfigurations = (
				3AA6C32AC930069E80220CF1 /* Debug */,
				339EE1B2CC4FC24589A0EA95 /* Release */,
			);
			defaultConfigurationIsVisible = 0;
			defaultConfigurationName = Release;
		};
/* End XCConfigurationList section */
	};
	rootObject = 6DB9C3763D02B1415CD9D565 /* Project object */;
}
